{
  "name": "choicemap-explicit-scaffolding-parquet-writer",
  "version": "0.1.0",
  "lockfileVersion": 3,
  "requires": true,
  "packages": {
    "": {
      "name": "choicemap-explicit-scaffolding-parquet-writer",
      "version": "0.1.0",
      "dependencies": {
        "parquetjs-lite": "^0.8.7"
      }
    },
    "node_modules/int53": {
      "version": "0.2.4",
      "resolved": "https://registry.npmjs.org/int53/-/int53-0.2.4.tgz",
      "integrity": "sha512-a5jlKftS7HUOhkUyYD7j2sJ/ZnvWiNlZS1ldR+g1ifQ+/UuZXIE+YTc/lK1qGj/GwAU5F8Z0e1eVq2t1J5Ob2g==",
      "license": "BSD-3-Clause"
    },
    "node_modules/node-int64": {
      "version": "0.3.3",
      "resolved": "https://registry.npmjs.org/node-int64/-/node-int64-0.3.3.tgz",
      "integrity": "sha512-bLdNOp5SYyqfDz/ssGHt2OTg8u+jEkCx4EoZIzprqeonFIUhlSBrKu40e/x6hIFYJx4ZEt64/9IZJyafvhGZrw==",
      "license": "MIT"
    },
    "node_modules/parquetjs-lite": {
      "version": "0.8.7",
      "resolved": "https://registry.npmjs.org/parquetjs-lite/-/parquetjs-lite-0.8.7.tgz",
      "integrity": "sha512-L0tdHzvy0btLJvAFZvjO0+ru+FL8tHPqiVE90KEnMy5jDqv+WmEy9Ii8SjiC+exAOi3RGyPYIdgJvFijYyEahA==",
      "license": "MIT",
      "dependencies": {
        "int53": "^0.2.4",
        "node-int64": "^0.3.3",
        "snappyjs": "^0.6.0",
        "varint": "^5.0.0"
      },
      "engines": {
        "node": ">=7.6"
      }
    },
    "node_modules/snappyjs": {
      "version": "0.6.1",
      "resolved": "https://registry.npmjs.org/snappyjs/-/snappyjs-0.6.1.tgz",
      "integrity": "sha512-YIK6I2lsH072UE0aOFxxY1dPDCS43I5ktqHpeAsuLNYWkE5pGxRGWfDM4/vSUfNzXjC1Ivzt3qx31PCLmc9yqg==",
      "license": "MIT"
    },
    "node_modules/varint": {
      "version": "5.0.2",
      "resolved": "https://registry.npmjs.org/varint/-/varint-5.0.2.tgz",
      "integrity": "sha512-lKxKYG6H03yCZUpAGOPOsMcGxd1RHCu1iKvEHYDPmTyq2HueGhD73ssNBqqQWfvYs04G9iUFRvmAVLW20Jw6ow==",
      "license": "MIT"
    }
  }
}
